
Microsoft Visual Studio Solution File, Format Version 12.00
# Visual Studio Version 16
VisualStudioVersion = 16.0.29728.190
MinimumVisualStudioVersion = 10.0.40219.1
Project("{F184B08F-C81C-45F6-A57F-5ABD9991F28F}") = "WebApp", "WebApp\WebApp.vbproj", "{E59FE7EA-3569-41C6-97C0-43ABFC4F3417}"
EndProject
Project("{2150E333-8FDC-42A3-9474-1A3956D46DE8}") = "ejercicio1 Bootstrap", "ejercicio1 Bootstrap", "{81ADC541-9AD3-4CBD-9A1D-37F88832B09A}"
EndProject
Project("{F184B08F-C81C-45F6-A57F-5ABD9991F28F}") = "EjercicioBootstrap", "EjercicioBootstrap\EjercicioBootstrap.vbproj", "{A4EC003B-F5EC-4AF6-A5C0-84BA60BE18BB}"
EndProject
Project("{2150E333-8FDC-42A3-9474-1A3956D46DE8}") = "Cruz de Aravaca", "Cruz de Aravaca", "{0340C011-B4EA-47E6-BD0B-CC40BD71388C}"
EndProject
Project("{F184B08F-C81C-45F6-A57F-5ABD9991F28F}") = "Cruz", "Cruz\Cruz.vbproj", "{4D0C410B-E8EC-484A-B825-3E5B1C5102DC}"
EndProject
Project("{2150E333-8FDC-42A3-9474-1A3956D46DE8}") = "Homework", "Homework", "{F866074A-0991-462D-B9FF-B20AACDA5E5C}"
EndProject
Project("{F184B08F-C81C-45F6-A57F-5ABD9991F28F}") = "Practica-Html-CSS-Casa", "Practica-Html-CSS-Casa\Practica-Html-CSS-Casa.vbproj", "{DA975D9B-47B9-4376-B23E-DD7844B370CD}"
EndProject
Project("{2150E333-8FDC-42A3-9474-1A3956D46DE8}") = "clase DOM 10 Feb 2020", "clase DOM 10 Feb 2020", "{8A1B2A83-8520-489B-8727-6BF972F51B38}"
EndProject
Project("{F184B08F-C81C-45F6-A57F-5ABD9991F28F}") = "ClaseDOM", "ClaseDOM\ClaseDOM.vbproj", "{644011E9-0352-4E05-B28A-1093B7C1B3A7}"
EndProject
Project("{2150E333-8FDC-42A3-9474-1A3956D46DE8}") = "FROM 11 FEB 2020", "FROM 11 FEB 2020", "{15295394-2E1C-498A-A7E2-3AA2AC38C5BC}"
EndProject
Project("{F184B08F-C81C-45F6-A57F-5ABD9991F28F}") = "FORMApp", "FORMApp\FORMApp.vbproj", "{B7D0F8A0-D45E-4EAA-984F-E6C703E57E3E}"
EndProject
Project("{FAE04EC0-301F-11D3-BF4B-00C04F79EFBC}") = "DemoClass", "DemoClass\DemoClass.csproj", "{F7838D3E-9F02-4B14-B760-6E4CDAE8E82C}"
EndProject
Project("{2150E333-8FDC-42A3-9474-1A3956D46DE8}") = "Ejercicio Comunicacion Formulario", "Ejercicio Comunicacion Formulario", "{7D411E4F-D629-4DA4-9670-09600DDF427C}"
EndProject
Project("{FAE04EC0-301F-11D3-BF4B-00C04F79EFBC}") = "LAB5", "LAB5\LAB5.csproj", "{CDE70341-9BD3-4238-878D-176070F61E84}"
EndProject
Global
	GlobalSection(SolutionConfigurationPlatforms) = preSolution
		Debug|Any CPU = Debug|Any CPU
		Release|Any CPU = Release|Any CPU
	EndGlobalSection
	GlobalSection(ProjectConfigurationPlatforms) = postSolution
		{E59FE7EA-3569-41C6-97C0-43ABFC4F3417}.Debug|Any CPU.ActiveCfg = Debug|Any CPU
		{E59FE7EA-3569-41C6-97C0-43ABFC4F3417}.Debug|Any CPU.Build.0 = Debug|Any CPU
		{E59FE7EA-3569-41C6-97C0-43ABFC4F3417}.Release|Any CPU.ActiveCfg = Release|Any CPU
		{E59FE7EA-3569-41C6-97C0-43ABFC4F3417}.Release|Any CPU.Build.0 = Release|Any CPU
		{A4EC003B-F5EC-4AF6-A5C0-84BA60BE18BB}.Debug|Any CPU.ActiveCfg = Debug|Any CPU
		{A4EC003B-F5EC-4AF6-A5C0-84BA60BE18BB}.Debug|Any CPU.Build.0 = Debug|Any CPU
		{A4EC003B-F5EC-4AF6-A5C0-84BA60BE18BB}.Release|Any CPU.ActiveCfg = Release|Any CPU
		{A4EC003B-F5EC-4AF6-A5C0-84BA60BE18BB}.Release|Any CPU.Build.0 = Release|Any CPU
		{4D0C410B-E8EC-484A-B825-3E5B1C5102DC}.Debug|Any CPU.ActiveCfg = Debug|Any CPU
		{4D0C410B-E8EC-484A-B825-3E5B1C5102DC}.Debug|Any CPU.Build.0 = Debug|Any CPU
		{4D0C410B-E8EC-484A-B825-3E5B1C5102DC}.Release|Any CPU.ActiveCfg = Release|Any CPU
		{4D0C410B-E8EC-484A-B825-3E5B1C5102DC}.Release|Any CPU.Build.0 = Release|Any CPU
		{DA975D9B-47B9-4376-B23E-DD7844B370CD}.Debug|Any CPU.ActiveCfg = Debug|Any CPU
		{DA975D9B-47B9-4376-B23E-DD7844B370CD}.Debug|Any CPU.Build.0 = Debug|Any CPU
		{DA975D9B-47B9-4376-B23E-DD7844B370CD}.Release|Any CPU.ActiveCfg = Release|Any CPU
		{DA975D9B-47B9-4376-B23E-DD7844B370CD}.Release|Any CPU.Build.0 = Release|Any CPU
		{644011E9-0352-4E05-B28A-1093B7C1B3A7}.Debug|Any CPU.ActiveCfg = Debug|Any CPU
		{644011E9-0352-4E05-B28A-1093B7C1B3A7}.Debug|Any CPU.Build.0 = Debug|Any CPU
		{644011E9-0352-4E05-B28A-1093B7C1B3A7}.Release|Any CPU.ActiveCfg = Release|Any CPU
		{644011E9-0352-4E05-B28A-1093B7C1B3A7}.Release|Any CPU.Build.0 = Release|Any CPU
		{B7D0F8A0-D45E-4EAA-984F-E6C703E57E3E}.Debug|Any CPU.ActiveCfg = Debug|Any CPU
		{B7D0F8A0-D45E-4EAA-984F-E6C703E57E3E}.Debug|Any CPU.Build.0 = Debug|Any CPU
		{B7D0F8A0-D45E-4EAA-984F-E6C703E57E3E}.Release|Any CPU.ActiveCfg = Release|Any CPU
		{B7D0F8A0-D45E-4EAA-984F-E6C703E57E3E}.Release|Any CPU.Build.0 = Release|Any CPU
		{F7838D3E-9F02-4B14-B760-6E4CDAE8E82C}.Debug|Any CPU.ActiveCfg = Debug|Any CPU
		{F7838D3E-9F02-4B14-B760-6E4CDAE8E82C}.Debug|Any CPU.Build.0 = Debug|Any CPU
		{F7838D3E-9F02-4B14-B760-6E4CDAE8E82C}.Release|Any CPU.ActiveCfg = Release|Any CPU
		{F7838D3E-9F02-4B14-B760-6E4CDAE8E82C}.Release|Any CPU.Build.0 = Release|Any CPU
		{CDE70341-9BD3-4238-878D-176070F61E84}.Debug|Any CPU.ActiveCfg = Debug|Any CPU
		{CDE70341-9BD3-4238-878D-176070F61E84}.Debug|Any CPU.Build.0 = Debug|Any CPU
		{CDE70341-9BD3-4238-878D-176070F61E84}.Release|Any CPU.ActiveCfg = Release|Any CPU
		{CDE70341-9BD3-4238-878D-176070F61E84}.Release|Any CPU.Build.0 = Release|Any CPU
	EndGlobalSection
	GlobalSection(SolutionProperties) = preSolution
		HideSolutionNode = FALSE
	EndGlobalSection
	GlobalSection(NestedProjects) = preSolution
		{A4EC003B-F5EC-4AF6-A5C0-84BA60BE18BB} = {81ADC541-9AD3-4CBD-9A1D-37F88832B09A}
		{4D0C410B-E8EC-484A-B825-3E5B1C5102DC} = {0340C011-B4EA-47E6-BD0B-CC40BD71388C}
		{DA975D9B-47B9-4376-B23E-DD7844B370CD} = {F866074A-0991-462D-B9FF-B20AACDA5E5C}
		{644011E9-0352-4E05-B28A-1093B7C1B3A7} = {8A1B2A83-8520-489B-8727-6BF972F51B38}
		{B7D0F8A0-D45E-4EAA-984F-E6C703E57E3E} = {15295394-2E1C-498A-A7E2-3AA2AC38C5BC}
		{F7838D3E-9F02-4B14-B760-6E4CDAE8E82C} = {15295394-2E1C-498A-A7E2-3AA2AC38C5BC}
		{CDE70341-9BD3-4238-878D-176070F61E84} = {7D411E4F-D629-4DA4-9670-09600DDF427C}
	EndGlobalSection
	GlobalSection(ExtensibilityGlobals) = postSolution
		SolutionGuid = {3FCBE534-3DDA-4CEA-AB20-EE8F216E9F05}
	EndGlobalSection
EndGlobal
